
Microsoft Visual Studio Solution File, Format Version 12.00
# Visual Studio 15
VisualStudioVersion = 15.0.28010.2048
MinimumVisualStudioVersion = 10.0.40219.1
Project("{2150E333-8FDC-42A3-9474-1A3956D46DE8}") = "modernC++", "modernC++", "{6FE60CDE-FCDC-4818-A6C2-BBA38ECAD838}"
EndProject
Project("{8BC9CEB8-8B4A-11D0-8D11-00A0C91BC942}") = "auto", "auto\auto.vcxproj", "{4AEEC42B-84DE-479F-8CD5-B5A9476B9C38}"
EndProject
Project("{8BC9CEB8-8B4A-11D0-8D11-00A0C91BC942}") = "decltype", "decltype\decltype.vcxproj", "{FC791100-6D83-4796-9D8B-13FEA9B6A026}"
EndProject
Project("{8BC9CEB8-8B4A-11D0-8D11-00A0C91BC942}") = "for", "for\for.vcxproj", "{B986B015-C6E6-4E48-A047-8013A02D6E86}"
EndProject
Project("{8BC9CEB8-8B4A-11D0-8D11-00A0C91BC942}") = "function", "function\function.vcxproj", "{94743545-917E-43B9-9AEC-8A401C72E9A7}"
EndProject
Project("{8BC9CEB8-8B4A-11D0-8D11-00A0C91BC942}") = "Bind", "Bind\Bind.vcxproj", "{4A4760BB-8AEB-41A9-832B-4F7A2DAD4E3B}"
EndProject
Project("{8BC9CEB8-8B4A-11D0-8D11-00A0C91BC942}") = "lambda", "lambda\lambda.vcxproj", "{0F6BAC59-B384-45A0-98A3-19125DB3B458}"
EndProject
Project("{8BC9CEB8-8B4A-11D0-8D11-00A0C91BC942}") = "tupe", "tupe\tupe.vcxproj", "{EFC5200F-2C4A-41DA-AAB2-46AEFBC0CD5D}"
EndProject
Project("{8BC9CEB8-8B4A-11D0-8D11-00A0C91BC942}") = "move", "move\move.vcxproj", "{48020C04-B289-495A-9423-69E2EF8456BA}"
EndProject
Project("{8BC9CEB8-8B4A-11D0-8D11-00A0C91BC942}") = "emplace_back", "emplace_back\emplace_back.vcxproj", "{B2BE23DC-9BDD-4499-973E-FC0A099CBA3D}"
EndProject
Project("{8BC9CEB8-8B4A-11D0-8D11-00A0C91BC942}") = "unorderedContainer", "unorderedContainer\unorderedContainer.vcxproj", "{550BC319-9D4E-499F-870E-424C39A3945D}"
EndProject
Project("{8BC9CEB8-8B4A-11D0-8D11-00A0C91BC942}") = "type_traits", "type_traits\type_traits.vcxproj", "{BC58A2E9-AC1E-40E2-985F-97E01E6A3B49}"
EndProject
Project("{8BC9CEB8-8B4A-11D0-8D11-00A0C91BC942}") = "DLLParser", "DLLParser\DLLParser.vcxproj", "{C7F9D00E-007B-4764-A40F-E1A6C57E260D}"
EndProject
Project("{8BC9CEB8-8B4A-11D0-8D11-00A0C91BC942}") = "lambdaChainInvoke", "lambdaChainInvoke\lambdaChainInvoke.vcxproj", "{C8E3C1C7-FBAE-4BCF-A27E-5486BA881716}"
EndProject
Project("{8BC9CEB8-8B4A-11D0-8D11-00A0C91BC942}") = "Any", "Any\Any.vcxproj", "{B8D59483-D870-4927-9161-41D9A5247A6D}"
EndProject
Project("{8BC9CEB8-8B4A-11D0-8D11-00A0C91BC942}") = "shared_ptr", "shared_ptr\shared_ptr.vcxproj", "{135879BE-42F4-41F0-AC74-9EED64375582}"
EndProject
Project("{8BC9CEB8-8B4A-11D0-8D11-00A0C91BC942}") = "unique_ptr", "unique_ptr\unique_ptr.vcxproj", "{A9687D8D-4DEF-4ACB-9F5F-707C355D45EF}"
EndProject
Project("{8BC9CEB8-8B4A-11D0-8D11-00A0C91BC942}") = "weak_ptr", "weak_ptr\weak_ptr.vcxproj", "{F20C7010-1117-4DE8-9067-B5ECDFC6D663}"
EndProject
Project("{8BC9CEB8-8B4A-11D0-8D11-00A0C91BC942}") = "thread", "thread\thread.vcxproj", "{F5A88604-FD6B-4E3B-AD45-1D6D075BF7BF}"
EndProject
Project("{8BC9CEB8-8B4A-11D0-8D11-00A0C91BC942}") = "mutex", "mutex\mutex.vcxproj", "{B0FF92AC-E71A-4BD3-894B-F36C1331F23E}"
EndProject
Global
	GlobalSection(SolutionConfigurationPlatforms) = preSolution
		Debug|x64 = Debug|x64
		Debug|x86 = Debug|x86
		Release|x64 = Release|x64
		Release|x86 = Release|x86
	EndGlobalSection
	GlobalSection(ProjectConfigurationPlatforms) = postSolution
		{4AEEC42B-84DE-479F-8CD5-B5A9476B9C38}.Debug|x64.ActiveCfg = Debug|x64
		{4AEEC42B-84DE-479F-8CD5-B5A9476B9C38}.Debug|x64.Build.0 = Debug|x64
		{4AEEC42B-84DE-479F-8CD5-B5A9476B9C38}.Debug|x86.ActiveCfg = Debug|Win32
		{4AEEC42B-84DE-479F-8CD5-B5A9476B9C38}.Debug|x86.Build.0 = Debug|Win32
		{4AEEC42B-84DE-479F-8CD5-B5A9476B9C38}.Release|x64.ActiveCfg = Release|x64
		{4AEEC42B-84DE-479F-8CD5-B5A9476B9C38}.Release|x64.Build.0 = Release|x64
		{4AEEC42B-84DE-479F-8CD5-B5A9476B9C38}.Release|x86.ActiveCfg = Release|Win32
		{4AEEC42B-84DE-479F-8CD5-B5A9476B9C38}.Release|x86.Build.0 = Release|Win32
		{FC791100-6D83-4796-9D8B-13FEA9B6A026}.Debug|x64.ActiveCfg = Debug|x64
		{FC791100-6D83-4796-9D8B-13FEA9B6A026}.Debug|x64.Build.0 = Debug|x64
		{FC791100-6D83-4796-9D8B-13FEA9B6A026}.Debug|x86.ActiveCfg = Debug|Win32
		{FC791100-6D83-4796-9D8B-13FEA9B6A026}.Debug|x86.Build.0 = Debug|Win32
		{FC791100-6D83-4796-9D8B-13FEA9B6A026}.Release|x64.ActiveCfg = Release|x64
		{FC791100-6D83-4796-9D8B-13FEA9B6A026}.Release|x64.Build.0 = Release|x64
		{FC791100-6D83-4796-9D8B-13FEA9B6A026}.Release|x86.ActiveCfg = Release|Win32
		{FC791100-6D83-4796-9D8B-13FEA9B6A026}.Release|x86.Build.0 = Release|Win32
		{B986B015-C6E6-4E48-A047-8013A02D6E86}.Debug|x64.ActiveCfg = Debug|x64
		{B986B015-C6E6-4E48-A047-8013A02D6E86}.Debug|x64.Build.0 = Debug|x64
		{B986B015-C6E6-4E48-A047-8013A02D6E86}.Debug|x86.ActiveCfg = Debug|Win32
		{B986B015-C6E6-4E48-A047-8013A02D6E86}.Debug|x86.Build.0 = Debug|Win32
		{B986B015-C6E6-4E48-A047-8013A02D6E86}.Release|x64.ActiveCfg = Release|x64
		{B986B015-C6E6-4E48-A047-8013A02D6E86}.Release|x64.Build.0 = Release|x64
		{B986B015-C6E6-4E48-A047-8013A02D6E86}.Release|x86.ActiveCfg = Release|Win32
		{B986B015-C6E6-4E48-A047-8013A02D6E86}.Release|x86.Build.0 = Release|Win32
		{94743545-917E-43B9-9AEC-8A401C72E9A7}.Debug|x64.ActiveCfg = Debug|x64
		{94743545-917E-43B9-9AEC-8A401C72E9A7}.Debug|x64.Build.0 = Debug|x64
		{94743545-917E-43B9-9AEC-8A401C72E9A7}.Debug|x86.ActiveCfg = Debug|Win32
		{94743545-917E-43B9-9AEC-8A401C72E9A7}.Debug|x86.Build.0 = Debug|Win32
		{94743545-917E-43B9-9AEC-8A401C72E9A7}.Release|x64.ActiveCfg = Release|x64
		{94743545-917E-43B9-9AEC-8A401C72E9A7}.Release|x64.Build.0 = Release|x64
		{94743545-917E-43B9-9AEC-8A401C72E9A7}.Release|x86.ActiveCfg = Release|Win32
		{94743545-917E-43B9-9AEC-8A401C72E9A7}.Release|x86.Build.0 = Release|Win32
		{4A4760BB-8AEB-41A9-832B-4F7A2DAD4E3B}.Debug|x64.ActiveCfg = Debug|x64
		{4A4760BB-8AEB-41A9-832B-4F7A2DAD4E3B}.Debug|x64.Build.0 = Debug|x64
		{4A4760BB-8AEB-41A9-832B-4F7A2DAD4E3B}.Debug|x86.ActiveCfg = Debug|Win32
		{4A4760BB-8AEB-41A9-832B-4F7A2DAD4E3B}.Debug|x86.Build.0 = Debug|Win32
		{4A4760BB-8AEB-41A9-832B-4F7A2DAD4E3B}.Release|x64.ActiveCfg = Release|x64
		{4A4760BB-8AEB-41A9-832B-4F7A2DAD4E3B}.Release|x64.Build.0 = Release|x64
		{4A4760BB-8AEB-41A9-832B-4F7A2DAD4E3B}.Release|x86.ActiveCfg = Release|Win32
		{4A4760BB-8AEB-41A9-832B-4F7A2DAD4E3B}.Release|x86.Build.0 = Release|Win32
		{0F6BAC59-B384-45A0-98A3-19125DB3B458}.Debug|x64.ActiveCfg = Debug|x64
		{0F6BAC59-B384-45A0-98A3-19125DB3B458}.Debug|x64.Build.0 = Debug|x64
		{0F6BAC59-B384-45A0-98A3-19125DB3B458}.Debug|x86.ActiveCfg = Debug|Win32
		{0F6BAC59-B384-45A0-98A3-19125DB3B458}.Debug|x86.Build.0 = Debug|Win32
		{0F6BAC59-B384-45A0-98A3-19125DB3B458}.Release|x64.ActiveCfg = Release|x64
		{0F6BAC59-B384-45A0-98A3-19125DB3B458}.Release|x64.Build.0 = Release|x64
		{0F6BAC59-B384-45A0-98A3-19125DB3B458}.Release|x86.ActiveCfg = Release|Win32
		{0F6BAC59-B384-45A0-98A3-19125DB3B458}.Release|x86.Build.0 = Release|Win32
		{EFC5200F-2C4A-41DA-AAB2-46AEFBC0CD5D}.Debug|x64.ActiveCfg = Debug|x64
		{EFC5200F-2C4A-41DA-AAB2-46AEFBC0CD5D}.Debug|x64.Build.0 = Debug|x64
		{EFC5200F-2C4A-41DA-AAB2-46AEFBC0CD5D}.Debug|x86.ActiveCfg = Debug|Win32
		{EFC5200F-2C4A-41DA-AAB2-46AEFBC0CD5D}.Debug|x86.Build.0 = Debug|Win32
		{EFC5200F-2C4A-41DA-AAB2-46AEFBC0CD5D}.Release|x64.ActiveCfg = Release|x64
		{EFC5200F-2C4A-41DA-AAB2-46AEFBC0CD5D}.Release|x64.Build.0 = Release|x64
		{EFC5200F-2C4A-41DA-AAB2-46AEFBC0CD5D}.Release|x86.ActiveCfg = Release|Win32
		{EFC5200F-2C4A-41DA-AAB2-46AEFBC0CD5D}.Release|x86.Build.0 = Release|Win32
		{48020C04-B289-495A-9423-69E2EF8456BA}.Debug|x64.ActiveCfg = Debug|x64
		{48020C04-B289-495A-9423-69E2EF8456BA}.Debug|x64.Build.0 = Debug|x64
		{48020C04-B289-495A-9423-69E2EF8456BA}.Debug|x86.ActiveCfg = Debug|Win32
		{48020C04-B289-495A-9423-69E2EF8456BA}.Debug|x86.Build.0 = Debug|Win32
		{48020C04-B289-495A-9423-69E2EF8456BA}.Release|x64.ActiveCfg = Release|x64
		{48020C04-B289-495A-9423-69E2EF8456BA}.Release|x64.Build.0 = Release|x64
		{48020C04-B289-495A-9423-69E2EF8456BA}.Release|x86.ActiveCfg = Release|Win32
		{48020C04-B289-495A-9423-69E2EF8456BA}.Release|x86.Build.0 = Release|Win32
		{B2BE23DC-9BDD-4499-973E-FC0A099CBA3D}.Debug|x64.ActiveCfg = Debug|x64
		{B2BE23DC-9BDD-4499-973E-FC0A099CBA3D}.Debug|x64.Build.0 = Debug|x64
		{B2BE23DC-9BDD-4499-973E-FC0A099CBA3D}.Debug|x86.ActiveCfg = Debug|Win32
		{B2BE23DC-9BDD-4499-973E-FC0A099CBA3D}.Debug|x86.Build.0 = Debug|Win32
		{B2BE23DC-9BDD-4499-973E-FC0A099CBA3D}.Release|x64.ActiveCfg = Release|x64
		{B2BE23DC-9BDD-4499-973E-FC0A099CBA3D}.Release|x64.Build.0 = Release|x64
		{B2BE23DC-9BDD-4499-973E-FC0A099CBA3D}.Release|x86.ActiveCfg = Release|Win32
		{B2BE23DC-9BDD-4499-973E-FC0A099CBA3D}.Release|x86.Build.0 = Release|Win32
		{550BC319-9D4E-499F-870E-424C39A3945D}.Debug|x64.ActiveCfg = Debug|x64
		{550BC319-9D4E-499F-870E-424C39A3945D}.Debug|x64.Build.0 = Debug|x64
		{550BC319-9D4E-499F-870E-424C39A3945D}.Debug|x86.ActiveCfg = Debug|Win32
		{550BC319-9D4E-499F-870E-424C39A3945D}.Debug|x86.Build.0 = Debug|Win32
		{550BC319-9D4E-499F-870E-424C39A3945D}.Release|x64.ActiveCfg = Release|x64
		{550BC319-9D4E-499F-870E-424C39A3945D}.Release|x64.Build.0 = Release|x64
		{550BC319-9D4E-499F-870E-424C39A3945D}.Release|x86.ActiveCfg = Release|Win32
		{550BC319-9D4E-499F-870E-424C39A3945D}.Release|x86.Build.0 = Release|Win32
		{BC58A2E9-AC1E-40E2-985F-97E01E6A3B49}.Debug|x64.ActiveCfg = Debug|x64
		{BC58A2E9-AC1E-40E2-985F-97E01E6A3B49}.Debug|x64.Build.0 = Debug|x64
		{BC58A2E9-AC1E-40E2-985F-97E01E6A3B49}.Debug|x86.ActiveCfg = Debug|Win32
		{BC58A2E9-AC1E-40E2-985F-97E01E6A3B49}.Debug|x86.Build.0 = Debug|Win32
		{BC58A2E9-AC1E-40E2-985F-97E01E6A3B49}.Release|x64.ActiveCfg = Release|x64
		{BC58A2E9-AC1E-40E2-985F-97E01E6A3B49}.Release|x64.Build.0 = Release|x64
		{BC58A2E9-AC1E-40E2-985F-97E01E6A3B49}.Release|x86.ActiveCfg = Release|Win32
		{BC58A2E9-AC1E-40E2-985F-97E01E6A3B49}.Release|x86.Build.0 = Release|Win32
		{C7F9D00E-007B-4764-A40F-E1A6C57E260D}.Debug|x64.ActiveCfg = Debug|x64
		{C7F9D00E-007B-4764-A40F-E1A6C57E260D}.Debug|x64.Build.0 = Debug|x64
		{C7F9D00E-007B-4764-A40F-E1A6C57E260D}.Debug|x86.ActiveCfg = Debug|Win32
		{C7F9D00E-007B-4764-A40F-E1A6C57E260D}.Debug|x86.Build.0 = Debug|Win32
		{C7F9D00E-007B-4764-A40F-E1A6C57E260D}.Release|x64.ActiveCfg = Release|x64
		{C7F9D00E-007B-4764-A40F-E1A6C57E260D}.Release|x64.Build.0 = Release|x64
		{C7F9D00E-007B-4764-A40F-E1A6C57E260D}.Release|x86.ActiveCfg = Release|Win32
		{C7F9D00E-007B-4764-A40F-E1A6C57E260D}.Release|x86.Build.0 = Release|Win32
		{C8E3C1C7-FBAE-4BCF-A27E-5486BA881716}.Debug|x64.ActiveCfg = Debug|x64
		{C8E3C1C7-FBAE-4BCF-A27E-5486BA881716}.Debug|x64.Build.0 = Debug|x64
		{C8E3C1C7-FBAE-4BCF-A27E-5486BA881716}.Debug|x86.ActiveCfg = Debug|Win32
		{C8E3C1C7-FBAE-4BCF-A27E-5486BA881716}.Debug|x86.Build.0 = Debug|Win32
		{C8E3C1C7-FBAE-4BCF-A27E-5486BA881716}.Release|x64.ActiveCfg = Release|x64
		{C8E3C1C7-FBAE-4BCF-A27E-5486BA881716}.Release|x64.Build.0 = Release|x64
		{C8E3C1C7-FBAE-4BCF-A27E-5486BA881716}.Release|x86.ActiveCfg = Release|Win32
		{C8E3C1C7-FBAE-4BCF-A27E-5486BA881716}.Release|x86.Build.0 = Release|Win32
		{B8D59483-D870-4927-9161-41D9A5247A6D}.Debug|x64.ActiveCfg = Debug|x64
		{B8D59483-D870-4927-9161-41D9A5247A6D}.Debug|x64.Build.0 = Debug|x64
		{B8D59483-D870-4927-9161-41D9A5247A6D}.Debug|x86.ActiveCfg = Debug|Win32
		{B8D59483-D870-4927-9161-41D9A5247A6D}.Debug|x86.Build.0 = Debug|Win32
		{B8D59483-D870-4927-9161-41D9A5247A6D}.Release|x64.ActiveCfg = Release|x64
		{B8D59483-D870-4927-9161-41D9A5247A6D}.Release|x64.Build.0 = Release|x64
		{B8D59483-D870-4927-9161-41D9A5247A6D}.Release|x86.ActiveCfg = Release|Win32
		{B8D59483-D870-4927-9161-41D9A5247A6D}.Release|x86.Build.0 = Release|Win32
		{135879BE-42F4-41F0-AC74-9EED64375582}.Debug|x64.ActiveCfg = Debug|x64
		{135879BE-42F4-41F0-AC74-9EED64375582}.Debug|x64.Build.0 = Debug|x64
		{135879BE-42F4-41F0-AC74-9EED64375582}.Debug|x86.ActiveCfg = Debug|Win32
		{135879BE-42F4-41F0-AC74-9EED64375582}.Debug|x86.Build.0 = Debug|Win32
		{135879BE-42F4-41F0-AC74-9EED64375582}.Release|x64.ActiveCfg = Release|x64
		{135879BE-42F4-41F0-AC74-9EED64375582}.Release|x64.Build.0 = Release|x64
		{135879BE-42F4-41F0-AC74-9EED64375582}.Release|x86.ActiveCfg = Release|Win32
		{135879BE-42F4-41F0-AC74-9EED64375582}.Release|x86.Build.0 = Release|Win32
		{A9687D8D-4DEF-4ACB-9F5F-707C355D45EF}.Debug|x64.ActiveCfg = Debug|x64
		{A9687D8D-4DEF-4ACB-9F5F-707C355D45EF}.Debug|x64.Build.0 = Debug|x64
		{A9687D8D-4DEF-4ACB-9F5F-707C355D45EF}.Debug|x86.ActiveCfg = Debug|Win32
		{A9687D8D-4DEF-4ACB-9F5F-707C355D45EF}.Debug|x86.Build.0 = Debug|Win32
		{A9687D8D-4DEF-4ACB-9F5F-707C355D45EF}.Release|x64.ActiveCfg = Release|x64
		{A9687D8D-4DEF-4ACB-9F5F-707C355D45EF}.Release|x64.Build.0 = Release|x64
		{A9687D8D-4DEF-4ACB-9F5F-707C355D45EF}.Release|x86.ActiveCfg = Release|Win32
		{A9687D8D-4DEF-4ACB-9F5F-707C355D45EF}.Release|x86.Build.0 = Release|Win32
		{F20C7010-1117-4DE8-9067-B5ECDFC6D663}.Debug|x64.ActiveCfg = Debug|x64
		{F20C7010-1117-4DE8-9067-B5ECDFC6D663}.Debug|x64.Build.0 = Debug|x64
		{F20C7010-1117-4DE8-9067-B5ECDFC6D663}.Debug|x86.ActiveCfg = Debug|Win32
		{F20C7010-1117-4DE8-9067-B5ECDFC6D663}.Debug|x86.Build.0 = Debug|Win32
		{F20C7010-1117-4DE8-9067-B5ECDFC6D663}.Release|x64.ActiveCfg = Release|x64
		{F20C7010-1117-4DE8-9067-B5ECDFC6D663}.Release|x64.Build.0 = Release|x64
		{F20C7010-1117-4DE8-9067-B5ECDFC6D663}.Release|x86.ActiveCfg = Release|Win32
		{F20C7010-1117-4DE8-9067-B5ECDFC6D663}.Release|x86.Build.0 = Release|Win32
		{F5A88604-FD6B-4E3B-AD45-1D6D075BF7BF}.Debug|x64.ActiveCfg = Debug|x64
		{F5A88604-FD6B-4E3B-AD45-1D6D075BF7BF}.Debug|x64.Build.0 = Debug|x64
		{F5A88604-FD6B-4E3B-AD45-1D6D075BF7BF}.Debug|x86.ActiveCfg = Debug|Win32
		{F5A88604-FD6B-4E3B-AD45-1D6D075BF7BF}.Debug|x86.Build.0 = Debug|Win32
		{F5A88604-FD6B-4E3B-AD45-1D6D075BF7BF}.Release|x64.ActiveCfg = Release|x64
		{F5A88604-FD6B-4E3B-AD45-1D6D075BF7BF}.Release|x64.Build.0 = Release|x64
		{F5A88604-FD6B-4E3B-AD45-1D6D075BF7BF}.Release|x86.ActiveCfg = Release|Win32
		{F5A88604-FD6B-4E3B-AD45-1D6D075BF7BF}.Release|x86.Build.0 = Release|Win32
		{B0FF92AC-E71A-4BD3-894B-F36C1331F23E}.Debug|x64.ActiveCfg = Debug|x64
		{B0FF92AC-E71A-4BD3-894B-F36C1331F23E}.Debug|x64.Build.0 = Debug|x64
		{B0FF92AC-E71A-4BD3-894B-F36C1331F23E}.Debug|x86.ActiveCfg = Debug|Win32
		{B0FF92AC-E71A-4BD3-894B-F36C1331F23E}.Debug|x86.Build.0 = Debug|Win32
		{B0FF92AC-E71A-4BD3-894B-F36C1331F23E}.Release|x64.ActiveCfg = Release|x64
		{B0FF92AC-E71A-4BD3-894B-F36C1331F23E}.Release|x64.Build.0 = Release|x64
		{B0FF92AC-E71A-4BD3-894B-F36C1331F23E}.Release|x86.ActiveCfg = Release|Win32
		{B0FF92AC-E71A-4BD3-894B-F36C1331F23E}.Release|x86.Build.0 = Release|Win32
	EndGlobalSection
	GlobalSection(SolutionProperties) = preSolution
		HideSolutionNode = FALSE
	EndGlobalSection
	GlobalSection(NestedProjects) = preSolution
		{4AEEC42B-84DE-479F-8CD5-B5A9476B9C38} = {6FE60CDE-FCDC-4818-A6C2-BBA38ECAD838}
		{FC791100-6D83-4796-9D8B-13FEA9B6A026} = {6FE60CDE-FCDC-4818-A6C2-BBA38ECAD838}
		{B986B015-C6E6-4E48-A047-8013A02D6E86} = {6FE60CDE-FCDC-4818-A6C2-BBA38ECAD838}
		{94743545-917E-43B9-9AEC-8A401C72E9A7} = {6FE60CDE-FCDC-4818-A6C2-BBA38ECAD838}
		{4A4760BB-8AEB-41A9-832B-4F7A2DAD4E3B} = {6FE60CDE-FCDC-4818-A6C2-BBA38ECAD838}
		{0F6BAC59-B384-45A0-98A3-19125DB3B458} = {6FE60CDE-FCDC-4818-A6C2-BBA38ECAD838}
		{EFC5200F-2C4A-41DA-AAB2-46AEFBC0CD5D} = {6FE60CDE-FCDC-4818-A6C2-BBA38ECAD838}
		{48020C04-B289-495A-9423-69E2EF8456BA} = {6FE60CDE-FCDC-4818-A6C2-BBA38ECAD838}
		{B2BE23DC-9BDD-4499-973E-FC0A099CBA3D} = {6FE60CDE-FCDC-4818-A6C2-BBA38ECAD838}
		{550BC319-9D4E-499F-870E-424C39A3945D} = {6FE60CDE-FCDC-4818-A6C2-BBA38ECAD838}
		{BC58A2E9-AC1E-40E2-985F-97E01E6A3B49} = {6FE60CDE-FCDC-4818-A6C2-BBA38ECAD838}
		{C7F9D00E-007B-4764-A40F-E1A6C57E260D} = {6FE60CDE-FCDC-4818-A6C2-BBA38ECAD838}
		{C8E3C1C7-FBAE-4BCF-A27E-5486BA881716} = {6FE60CDE-FCDC-4818-A6C2-BBA38ECAD838}
		{B8D59483-D870-4927-9161-41D9A5247A6D} = {6FE60CDE-FCDC-4818-A6C2-BBA38ECAD838}
		{135879BE-42F4-41F0-AC74-9EED64375582} = {6FE60CDE-FCDC-4818-A6C2-BBA38ECAD838}
		{A9687D8D-4DEF-4ACB-9F5F-707C355D45EF} = {6FE60CDE-FCDC-4818-A6C2-BBA38ECAD838}
		{F20C7010-1117-4DE8-9067-B5ECDFC6D663} = {6FE60CDE-FCDC-4818-A6C2-BBA38ECAD838}
		{F5A88604-FD6B-4E3B-AD45-1D6D075BF7BF} = {6FE60CDE-FCDC-4818-A6C2-BBA38ECAD838}
		{B0FF92AC-E71A-4BD3-894B-F36C1331F23E} = {6FE60CDE-FCDC-4818-A6C2-BBA38ECAD838}
	EndGlobalSection
	GlobalSection(ExtensibilityGlobals) = postSolution
		SolutionGuid = {7EA0BE44-B8A1-4BE6-BD91-50C48D8200D6}
	EndGlobalSection
EndGlobal
