
Microsoft Visual Studio Solution File, Format Version 12.00
# Visual Studio 15
VisualStudioVersion = 15.0.28010.2048
MinimumVisualStudioVersion = 10.0.40219.1
Project("{2150E333-8FDC-42A3-9474-1A3956D46DE8}") = "modernC++", "modernC++", "{6FE60CDE-FCDC-4818-A6C2-BBA38ECAD838}"
EndProject
Project("{8BC9CEB8-8B4A-11D0-8D11-00A0C91BC942}") = "auto", "auto\auto.vcxproj", "{4AEEC42B-84DE-479F-8CD5-B5A9476B9C38}"
EndProject
Project("{8BC9CEB8-8B4A-11D0-8D11-00A0C91BC942}") = "decltype", "decltype\decltype.vcxproj", "{FC791100-6D83-4796-9D8B-13FEA9B6A026}"
EndProject
Project("{8BC9CEB8-8B4A-11D0-8D11-00A0C91BC942}") = "for", "for\for.vcxproj", "{B986B015-C6E6-4E48-A047-8013A02D6E86}"
EndProject
Project("{8BC9CEB8-8B4A-11D0-8D11-00A0C91BC942}") = "function", "function\function.vcxproj", "{94743545-917E-43B9-9AEC-8A401C72E9A7}"
EndProject
Project("{8BC9CEB8-8B4A-11D0-8D11-00A0C91BC942}") = "Bind", "Bind\Bind.vcxproj", "{4A4760BB-8AEB-41A9-832B-4F7A2DAD4E3B}"
EndProject
Project("{8BC9CEB8-8B4A-11D0-8D11-00A0C91BC942}") = "lambda", "lambda\lambda.vcxproj", "{0F6BAC59-B384-45A0-98A3-19125DB3B458}"
EndProject
Project("{8BC9CEB8-8B4A-11D0-8D11-00A0C91BC942}") = "tupe", "tupe\tupe.vcxproj", "{EFC5200F-2C4A-41DA-AAB2-46AEFBC0CD5D}"
EndProject
Global
	GlobalSection(SolutionConfigurationPlatforms) = preSolution
		Debug|x64 = Debug|x64
		Debug|x86 = Debug|x86
		Release|x64 = Release|x64
		Release|x86 = Release|x86
	EndGlobalSection
	GlobalSection(ProjectConfigurationPlatforms) = postSolution
		{4AEEC42B-84DE-479F-8CD5-B5A9476B9C38}.Debug|x64.ActiveCfg = Debug|x64
		{4AEEC42B-84DE-479F-8CD5-B5A9476B9C38}.Debug|x64.Build.0 = Debug|x64
		{4AEEC42B-84DE-479F-8CD5-B5A9476B9C38}.Debug|x86.ActiveCfg = Debug|Win32
		{4AEEC42B-84DE-479F-8CD5-B5A9476B9C38}.Debug|x86.Build.0 = Debug|Win32
		{4AEEC42B-84DE-479F-8CD5-B5A9476B9C38}.Release|x64.ActiveCfg = Release|x64
		{4AEEC42B-84DE-479F-8CD5-B5A9476B9C38}.Release|x64.Build.0 = Release|x64
		{4AEEC42B-84DE-479F-8CD5-B5A9476B9C38}.Release|x86.ActiveCfg = Release|Win32
		{4AEEC42B-84DE-479F-8CD5-B5A9476B9C38}.Release|x86.Build.0 = Release|Win32
		{FC791100-6D83-4796-9D8B-13FEA9B6A026}.Debug|x64.ActiveCfg = Debug|x64
		{FC791100-6D83-4796-9D8B-13FEA9B6A026}.Debug|x64.Build.0 = Debug|x64
		{FC791100-6D83-4796-9D8B-13FEA9B6A026}.Debug|x86.ActiveCfg = Debug|Win32
		{FC791100-6D83-4796-9D8B-13FEA9B6A026}.Debug|x86.Build.0 = Debug|Win32
		{FC791100-6D83-4796-9D8B-13FEA9B6A026}.Release|x64.ActiveCfg = Release|x64
		{FC791100-6D83-4796-9D8B-13FEA9B6A026}.Release|x64.Build.0 = Release|x64
		{FC791100-6D83-4796-9D8B-13FEA9B6A026}.Release|x86.ActiveCfg = Release|Win32
		{FC791100-6D83-4796-9D8B-13FEA9B6A026}.Release|x86.Build.0 = Release|Win32
		{B986B015-C6E6-4E48-A047-8013A02D6E86}.Debug|x64.ActiveCfg = Debug|x64
		{B986B015-C6E6-4E48-A047-8013A02D6E86}.Debug|x64.Build.0 = Debug|x64
		{B986B015-C6E6-4E48-A047-8013A02D6E86}.Debug|x86.ActiveCfg = Debug|Win32
		{B986B015-C6E6-4E48-A047-8013A02D6E86}.Debug|x86.Build.0 = Debug|Win32
		{B986B015-C6E6-4E48-A047-8013A02D6E86}.Release|x64.ActiveCfg = Release|x64
		{B986B015-C6E6-4E48-A047-8013A02D6E86}.Release|x64.Build.0 = Release|x64
		{B986B015-C6E6-4E48-A047-8013A02D6E86}.Release|x86.ActiveCfg = Release|Win32
		{B986B015-C6E6-4E48-A047-8013A02D6E86}.Release|x86.Build.0 = Release|Win32
		{94743545-917E-43B9-9AEC-8A401C72E9A7}.Debug|x64.ActiveCfg = Debug|x64
		{94743545-917E-43B9-9AEC-8A401C72E9A7}.Debug|x64.Build.0 = Debug|x64
		{94743545-917E-43B9-9AEC-8A401C72E9A7}.Debug|x86.ActiveCfg = Debug|Win32
		{94743545-917E-43B9-9AEC-8A401C72E9A7}.Debug|x86.Build.0 = Debug|Win32
		{94743545-917E-43B9-9AEC-8A401C72E9A7}.Release|x64.ActiveCfg = Release|x64
		{94743545-917E-43B9-9AEC-8A401C72E9A7}.Release|x64.Build.0 = Release|x64
		{94743545-917E-43B9-9AEC-8A401C72E9A7}.Release|x86.ActiveCfg = Release|Win32
		{94743545-917E-43B9-9AEC-8A401C72E9A7}.Release|x86.Build.0 = Release|Win32
		{4A4760BB-8AEB-41A9-832B-4F7A2DAD4E3B}.Debug|x64.ActiveCfg = Debug|x64
		{4A4760BB-8AEB-41A9-832B-4F7A2DAD4E3B}.Debug|x64.Build.0 = Debug|x64
		{4A4760BB-8AEB-41A9-832B-4F7A2DAD4E3B}.Debug|x86.ActiveCfg = Debug|Win32
		{4A4760BB-8AEB-41A9-832B-4F7A2DAD4E3B}.Debug|x86.Build.0 = Debug|Win32
		{4A4760BB-8AEB-41A9-832B-4F7A2DAD4E3B}.Release|x64.ActiveCfg = Release|x64
		{4A4760BB-8AEB-41A9-832B-4F7A2DAD4E3B}.Release|x64.Build.0 = Release|x64
		{4A4760BB-8AEB-41A9-832B-4F7A2DAD4E3B}.Release|x86.ActiveCfg = Release|Win32
		{4A4760BB-8AEB-41A9-832B-4F7A2DAD4E3B}.Release|x86.Build.0 = Release|Win32
		{0F6BAC59-B384-45A0-98A3-19125DB3B458}.Debug|x64.ActiveCfg = Debug|x64
		{0F6BAC59-B384-45A0-98A3-19125DB3B458}.Debug|x64.Build.0 = Debug|x64
		{0F6BAC59-B384-45A0-98A3-19125DB3B458}.Debug|x86.ActiveCfg = Debug|Win32
		{0F6BAC59-B384-45A0-98A3-19125DB3B458}.Debug|x86.Build.0 = Debug|Win32
		{0F6BAC59-B384-45A0-98A3-19125DB3B458}.Release|x64.ActiveCfg = Release|x64
		{0F6BAC59-B384-45A0-98A3-19125DB3B458}.Release|x64.Build.0 = Release|x64
		{0F6BAC59-B384-45A0-98A3-19125DB3B458}.Release|x86.ActiveCfg = Release|Win32
		{0F6BAC59-B384-45A0-98A3-19125DB3B458}.Release|x86.Build.0 = Release|Win32
		{EFC5200F-2C4A-41DA-AAB2-46AEFBC0CD5D}.Debug|x64.ActiveCfg = Debug|x64
		{EFC5200F-2C4A-41DA-AAB2-46AEFBC0CD5D}.Debug|x64.Build.0 = Debug|x64
		{EFC5200F-2C4A-41DA-AAB2-46AEFBC0CD5D}.Debug|x86.ActiveCfg = Debug|Win32
		{EFC5200F-2C4A-41DA-AAB2-46AEFBC0CD5D}.Debug|x86.Build.0 = Debug|Win32
		{EFC5200F-2C4A-41DA-AAB2-46AEFBC0CD5D}.Release|x64.ActiveCfg = Release|x64
		{EFC5200F-2C4A-41DA-AAB2-46AEFBC0CD5D}.Release|x64.Build.0 = Release|x64
		{EFC5200F-2C4A-41DA-AAB2-46AEFBC0CD5D}.Release|x86.ActiveCfg = Release|Win32
		{EFC5200F-2C4A-41DA-AAB2-46AEFBC0CD5D}.Release|x86.Build.0 = Release|Win32
	EndGlobalSection
	GlobalSection(SolutionProperties) = preSolution
		HideSolutionNode = FALSE
	EndGlobalSection
	GlobalSection(NestedProjects) = preSolution
		{4AEEC42B-84DE-479F-8CD5-B5A9476B9C38} = {6FE60CDE-FCDC-4818-A6C2-BBA38ECAD838}
		{FC791100-6D83-4796-9D8B-13FEA9B6A026} = {6FE60CDE-FCDC-4818-A6C2-BBA38ECAD838}
		{B986B015-C6E6-4E48-A047-8013A02D6E86} = {6FE60CDE-FCDC-4818-A6C2-BBA38ECAD838}
		{94743545-917E-43B9-9AEC-8A401C72E9A7} = {6FE60CDE-FCDC-4818-A6C2-BBA38ECAD838}
		{4A4760BB-8AEB-41A9-832B-4F7A2DAD4E3B} = {6FE60CDE-FCDC-4818-A6C2-BBA38ECAD838}
		{0F6BAC59-B384-45A0-98A3-19125DB3B458} = {6FE60CDE-FCDC-4818-A6C2-BBA38ECAD838}
		{EFC5200F-2C4A-41DA-AAB2-46AEFBC0CD5D} = {6FE60CDE-FCDC-4818-A6C2-BBA38ECAD838}
	EndGlobalSection
	GlobalSection(ExtensibilityGlobals) = postSolution
		SolutionGuid = {7EA0BE44-B8A1-4BE6-BD91-50C48D8200D6}
	EndGlobalSection
EndGlobal
